
Microsoft Visual Studio Solution File, Format Version 12.00
# Visual Studio Version 16
VisualStudioVersion = 16.0.30204.135
MinimumVisualStudioVersion = 10.0.40219.1
Project("{FAE04EC0-301F-11D3-BF4B-00C04F79EFBC}") = "AdvancedUnitTest", "AdvancedUnitTest\AdvancedUnitTest.csproj", "{1880D22E-4604-4633-B9A8-AEF15B4D6577}"
EndProject
Project("{2150E333-8FDC-42A3-9474-1A3956D46DE8}") = "Solution Items", "Solution Items", "{03D00E6D-16D2-4784-B7D0-E440FDD2DBED}"
	ProjectSection(SolutionItems) = preProject
		.editorconfig = .editorconfig
		.gitignore = .gitignore
		Common.ruleset = Common.ruleset
		stylecop.json = stylecop.json
	EndProjectSection
EndProject
Global
	GlobalSection(SolutionConfigurationPlatforms) = preSolution
		Debug|Any CPU = Debug|Any CPU
		Release|Any CPU = Release|Any CPU
	EndGlobalSection
	GlobalSection(ProjectConfigurationPlatforms) = postSolution
		{1880D22E-4604-4633-B9A8-AEF15B4D6577}.Debug|Any CPU.ActiveCfg = Debug|Any CPU
		{1880D22E-4604-4633-B9A8-AEF15B4D6577}.Debug|Any CPU.Build.0 = Debug|Any CPU
		{1880D22E-4604-4633-B9A8-AEF15B4D6577}.Release|Any CPU.ActiveCfg = Release|Any CPU
		{1880D22E-4604-4633-B9A8-AEF15B4D6577}.Release|Any CPU.Build.0 = Release|Any CPU
	EndGlobalSection
	GlobalSection(SolutionProperties) = preSolution
		HideSolutionNode = FALSE
	EndGlobalSection
	GlobalSection(ExtensibilityGlobals) = postSolution
		SolutionGuid = {35B06FBC-2A2B-4973-98E7-E67761C6B9AF}
	EndGlobalSection
EndGlobal
